
Microsoft Visual Studio Solution File, Format Version 12.00
# Visual Studio 14
VisualStudioVersion = 14.0.25420.1
MinimumVisualStudioVersion = 10.0.40219.1
Project("{2150E333-8FDC-42A3-9474-1A3956D46DE8}") = "Solution Items", "Solution Items", "{7050D931-7630-49C5-B549-26780E19A120}"
	ProjectSection(SolutionItems) = preProject
		global.json = global.json
	EndProjectSection
EndProject
Project("{2150E333-8FDC-42A3-9474-1A3956D46DE8}") = "AppBoot", "AppBoot", "{573A852B-1D33-4B79-B405-2857E312B6C5}"
EndProject
Project("{2150E333-8FDC-42A3-9474-1A3956D46DE8}") = "FineWork", "FineWork", "{7233E0A3-16AD-458C-A430-EF39AA52B612}"
EndProject
Project("{2150E333-8FDC-42A3-9474-1A3956D46DE8}") = "Common", "Common", "{78AEAA22-2F56-4390-A079-28B257F93778}"
EndProject
Project("{2150E333-8FDC-42A3-9474-1A3956D46DE8}") = "Data", "Data", "{74CFDC96-078D-44D0-9F2A-2EA5591DFB3A}"
EndProject
Project("{2150E333-8FDC-42A3-9474-1A3956D46DE8}") = "Data.Aef", "Data.Aef", "{B14DDAD3-0D30-4EAF-9B84-46610A15F4AE}"
EndProject
Project("{2150E333-8FDC-42A3-9474-1A3956D46DE8}") = "Core", "Core", "{B596BBB2-64E0-488A-86F0-827197007488}"
EndProject
Project("{2150E333-8FDC-42A3-9474-1A3956D46DE8}") = "Web", "Web", "{F2511728-A092-4264-BF51-5C031CC22745}"
EndProject
Project("{2150E333-8FDC-42A3-9474-1A3956D46DE8}") = "CloudService", "CloudService", "{0EC22904-DC5A-4805-BED4-6C34623565D6}"
EndProject
Project("{FAE04EC0-301F-11D3-BF4B-00C04F79EFBC}") = "AppNext.Common", "main\AppNext.Common\AppNext.Common.csproj", "{6BFDEC0B-5C9F-4C1E-95C6-ED55B6E4D196}"
EndProject
Project("{FAE04EC0-301F-11D3-BF4B-00C04F79EFBC}") = "AppNext.TestCommon", "main\AppNext.TestCommon\AppNext.TestCommon.csproj", "{5DF9CD5B-B034-43EB-9E9E-2A889DBF05D9}"
EndProject
Project("{FAE04EC0-301F-11D3-BF4B-00C04F79EFBC}") = "AppNext.Common.Tests", "tests\AppNext.Common.Tests\AppNext.Common.Tests.csproj", "{6F01DC89-D0A0-4227-A1CB-0CE14DA3D80F}"
EndProject
Project("{FAE04EC0-301F-11D3-BF4B-00C04F79EFBC}") = "AppNext.Data", "main\AppNext.Data\AppNext.Data.csproj", "{1ED9B057-385A-4624-AF23-77BC743051AD}"
EndProject
Project("{FAE04EC0-301F-11D3-BF4B-00C04F79EFBC}") = "AppNext.Data.Tests", "tests\AppNext.Data.Tests\AppNext.Data.Tests.csproj", "{29EA6CDB-A0ED-4940-BD24-06A709E1EAC3}"
EndProject
Project("{FAE04EC0-301F-11D3-BF4B-00C04F79EFBC}") = "AppNext.Data.Aef", "main\AppNext.Data.Aef\AppNext.Data.Aef.csproj", "{533FFB9C-CA21-4311-8A55-B2680B800F40}"
EndProject
Project("{FAE04EC0-301F-11D3-BF4B-00C04F79EFBC}") = "AppNext.Data.Aef.Tests", "tests\AppNext.Data.Aef.Tests\AppNext.Data.Aef.Tests.csproj", "{53111451-4BDF-4217-A1F5-9E2D810C8299}"
EndProject
Project("{FAE04EC0-301F-11D3-BF4B-00C04F79EFBC}") = "FineWork.Core", "main\FineWork.Core\FineWork.Core.csproj", "{417F3088-0CEE-4556-9AC8-2E62BB333BF2}"
EndProject
Project("{FAE04EC0-301F-11D3-BF4B-00C04F79EFBC}") = "FineWork.Core.Tests", "tests\FineWork.Core.Tests\FineWork.Core.Tests.csproj", "{0A07BBCF-6D7F-4E30-BB1D-B9075223B931}"
EndProject
Project("{FAE04EC0-301F-11D3-BF4B-00C04F79EFBC}") = "FineWork.SysSetup", "main\FineWork.SysSetup\FineWork.SysSetup.csproj", "{B7D4A862-87B0-4087-B8E7-38B8980AA125}"
EndProject
Project("{8BB2217D-0F2D-49D1-97BC-3654ED321F3B}") = "FineWork.Web.WebApi", "main\FineWork.Web.WebApi\FineWork.Web.WebApi.xproj", "{15BE19E1-2DBA-4CC1-B557-B84D66699233}"
EndProject
Project("{CC5FD16D-436D-48AD-A40C-5A424C6E3E79}") = "FwWorker", "main\FineWork.CloudService\TaskAlarmService\FwWorker.ccproj", "{B674E132-028B-4408-8E50-CBF350143B6C}"
EndProject
Project("{FAE04EC0-301F-11D3-BF4B-00C04F79EFBC}") = "FwWorkerRole", "main\FineWork.CloudService\TaskAlarmWorkerRole\FwWorkerRole.csproj", "{E96E633B-12E8-4111-B1C2-D47EF2536A40}"
EndProject
Project("{8BB2217D-0F2D-49D1-97BC-3654ED321F3B}") = "FineWork.Web.WebApi.Tests", "tests\FineWork.Web.WebApi.Tests\FineWork.Web.WebApi.Tests.xproj", "{88188981-58BC-4B9B-9C54-E9D875892558}"
EndProject
Global
	GlobalSection(SolutionConfigurationPlatforms) = preSolution
		Debug|Any CPU = Debug|Any CPU
		Release|Any CPU = Release|Any CPU
	EndGlobalSection
	GlobalSection(ProjectConfigurationPlatforms) = postSolution
		{6BFDEC0B-5C9F-4C1E-95C6-ED55B6E4D196}.Debug|Any CPU.ActiveCfg = Debug|Any CPU
		{6BFDEC0B-5C9F-4C1E-95C6-ED55B6E4D196}.Debug|Any CPU.Build.0 = Debug|Any CPU
		{6BFDEC0B-5C9F-4C1E-95C6-ED55B6E4D196}.Release|Any CPU.ActiveCfg = Release|Any CPU
		{6BFDEC0B-5C9F-4C1E-95C6-ED55B6E4D196}.Release|Any CPU.Build.0 = Release|Any CPU
		{5DF9CD5B-B034-43EB-9E9E-2A889DBF05D9}.Debug|Any CPU.ActiveCfg = Debug|Any CPU
		{5DF9CD5B-B034-43EB-9E9E-2A889DBF05D9}.Debug|Any CPU.Build.0 = Debug|Any CPU
		{5DF9CD5B-B034-43EB-9E9E-2A889DBF05D9}.Release|Any CPU.ActiveCfg = Release|Any CPU
		{5DF9CD5B-B034-43EB-9E9E-2A889DBF05D9}.Release|Any CPU.Build.0 = Release|Any CPU
		{6F01DC89-D0A0-4227-A1CB-0CE14DA3D80F}.Debug|Any CPU.ActiveCfg = Debug|Any CPU
		{6F01DC89-D0A0-4227-A1CB-0CE14DA3D80F}.Debug|Any CPU.Build.0 = Debug|Any CPU
		{6F01DC89-D0A0-4227-A1CB-0CE14DA3D80F}.Release|Any CPU.ActiveCfg = Release|Any CPU
		{6F01DC89-D0A0-4227-A1CB-0CE14DA3D80F}.Release|Any CPU.Build.0 = Release|Any CPU
		{1ED9B057-385A-4624-AF23-77BC743051AD}.Debug|Any CPU.ActiveCfg = Debug|Any CPU
		{1ED9B057-385A-4624-AF23-77BC743051AD}.Debug|Any CPU.Build.0 = Debug|Any CPU
		{1ED9B057-385A-4624-AF23-77BC743051AD}.Release|Any CPU.ActiveCfg = Release|Any CPU
		{1ED9B057-385A-4624-AF23-77BC743051AD}.Release|Any CPU.Build.0 = Release|Any CPU
		{29EA6CDB-A0ED-4940-BD24-06A709E1EAC3}.Debug|Any CPU.ActiveCfg = Debug|Any CPU
		{29EA6CDB-A0ED-4940-BD24-06A709E1EAC3}.Debug|Any CPU.Build.0 = Debug|Any CPU
		{29EA6CDB-A0ED-4940-BD24-06A709E1EAC3}.Release|Any CPU.ActiveCfg = Release|Any CPU
		{29EA6CDB-A0ED-4940-BD24-06A709E1EAC3}.Release|Any CPU.Build.0 = Release|Any CPU
		{533FFB9C-CA21-4311-8A55-B2680B800F40}.Debug|Any CPU.ActiveCfg = Debug|Any CPU
		{533FFB9C-CA21-4311-8A55-B2680B800F40}.Debug|Any CPU.Build.0 = Debug|Any CPU
		{533FFB9C-CA21-4311-8A55-B2680B800F40}.Release|Any CPU.ActiveCfg = Release|Any CPU
		{533FFB9C-CA21-4311-8A55-B2680B800F40}.Release|Any CPU.Build.0 = Release|Any CPU
		{53111451-4BDF-4217-A1F5-9E2D810C8299}.Debug|Any CPU.ActiveCfg = Debug|Any CPU
		{53111451-4BDF-4217-A1F5-9E2D810C8299}.Debug|Any CPU.Build.0 = Debug|Any CPU
		{53111451-4BDF-4217-A1F5-9E2D810C8299}.Release|Any CPU.ActiveCfg = Release|Any CPU
		{53111451-4BDF-4217-A1F5-9E2D810C8299}.Release|Any CPU.Build.0 = Release|Any CPU
		{417F3088-0CEE-4556-9AC8-2E62BB333BF2}.Debug|Any CPU.ActiveCfg = Debug|Any CPU
		{417F3088-0CEE-4556-9AC8-2E62BB333BF2}.Debug|Any CPU.Build.0 = Debug|Any CPU
		{417F3088-0CEE-4556-9AC8-2E62BB333BF2}.Release|Any CPU.ActiveCfg = Release|Any CPU
		{417F3088-0CEE-4556-9AC8-2E62BB333BF2}.Release|Any CPU.Build.0 = Release|Any CPU
		{0A07BBCF-6D7F-4E30-BB1D-B9075223B931}.Debug|Any CPU.ActiveCfg = Debug|Any CPU
		{0A07BBCF-6D7F-4E30-BB1D-B9075223B931}.Debug|Any CPU.Build.0 = Debug|Any CPU
		{0A07BBCF-6D7F-4E30-BB1D-B9075223B931}.Release|Any CPU.ActiveCfg = Release|Any CPU
		{0A07BBCF-6D7F-4E30-BB1D-B9075223B931}.Release|Any CPU.Build.0 = Release|Any CPU
		{B7D4A862-87B0-4087-B8E7-38B8980AA125}.Debug|Any CPU.ActiveCfg = Debug|Any CPU
		{B7D4A862-87B0-4087-B8E7-38B8980AA125}.Debug|Any CPU.Build.0 = Debug|Any CPU
		{B7D4A862-87B0-4087-B8E7-38B8980AA125}.Release|Any CPU.ActiveCfg = Release|Any CPU
		{B7D4A862-87B0-4087-B8E7-38B8980AA125}.Release|Any CPU.Build.0 = Release|Any CPU
		{15BE19E1-2DBA-4CC1-B557-B84D66699233}.Debug|Any CPU.ActiveCfg = Debug|Any CPU
		{15BE19E1-2DBA-4CC1-B557-B84D66699233}.Debug|Any CPU.Build.0 = Debug|Any CPU
		{15BE19E1-2DBA-4CC1-B557-B84D66699233}.Release|Any CPU.ActiveCfg = Release|Any CPU
		{15BE19E1-2DBA-4CC1-B557-B84D66699233}.Release|Any CPU.Build.0 = Release|Any CPU
		{B674E132-028B-4408-8E50-CBF350143B6C}.Debug|Any CPU.ActiveCfg = Debug|Any CPU
		{B674E132-028B-4408-8E50-CBF350143B6C}.Debug|Any CPU.Build.0 = Debug|Any CPU
		{B674E132-028B-4408-8E50-CBF350143B6C}.Release|Any CPU.ActiveCfg = Release|Any CPU
		{B674E132-028B-4408-8E50-CBF350143B6C}.Release|Any CPU.Build.0 = Release|Any CPU
		{E96E633B-12E8-4111-B1C2-D47EF2536A40}.Debug|Any CPU.ActiveCfg = Debug|Any CPU
		{E96E633B-12E8-4111-B1C2-D47EF2536A40}.Debug|Any CPU.Build.0 = Debug|Any CPU
		{E96E633B-12E8-4111-B1C2-D47EF2536A40}.Release|Any CPU.ActiveCfg = Release|Any CPU
		{E96E633B-12E8-4111-B1C2-D47EF2536A40}.Release|Any CPU.Build.0 = Release|Any CPU
		{88188981-58BC-4B9B-9C54-E9D875892558}.Debug|Any CPU.ActiveCfg = Debug|Any CPU
		{88188981-58BC-4B9B-9C54-E9D875892558}.Debug|Any CPU.Build.0 = Debug|Any CPU
		{88188981-58BC-4B9B-9C54-E9D875892558}.Release|Any CPU.ActiveCfg = Release|Any CPU
		{88188981-58BC-4B9B-9C54-E9D875892558}.Release|Any CPU.Build.0 = Release|Any CPU
	EndGlobalSection
	GlobalSection(SolutionProperties) = preSolution
		HideSolutionNode = FALSE
	EndGlobalSection
	GlobalSection(NestedProjects) = preSolution
		{78AEAA22-2F56-4390-A079-28B257F93778} = {573A852B-1D33-4B79-B405-2857E312B6C5}
		{74CFDC96-078D-44D0-9F2A-2EA5591DFB3A} = {573A852B-1D33-4B79-B405-2857E312B6C5}
		{B14DDAD3-0D30-4EAF-9B84-46610A15F4AE} = {573A852B-1D33-4B79-B405-2857E312B6C5}
		{B596BBB2-64E0-488A-86F0-827197007488} = {7233E0A3-16AD-458C-A430-EF39AA52B612}
		{F2511728-A092-4264-BF51-5C031CC22745} = {7233E0A3-16AD-458C-A430-EF39AA52B612}
		{0EC22904-DC5A-4805-BED4-6C34623565D6} = {7233E0A3-16AD-458C-A430-EF39AA52B612}
		{6BFDEC0B-5C9F-4C1E-95C6-ED55B6E4D196} = {78AEAA22-2F56-4390-A079-28B257F93778}
		{5DF9CD5B-B034-43EB-9E9E-2A889DBF05D9} = {78AEAA22-2F56-4390-A079-28B257F93778}
		{6F01DC89-D0A0-4227-A1CB-0CE14DA3D80F} = {78AEAA22-2F56-4390-A079-28B257F93778}
		{1ED9B057-385A-4624-AF23-77BC743051AD} = {74CFDC96-078D-44D0-9F2A-2EA5591DFB3A}
		{29EA6CDB-A0ED-4940-BD24-06A709E1EAC3} = {74CFDC96-078D-44D0-9F2A-2EA5591DFB3A}
		{533FFB9C-CA21-4311-8A55-B2680B800F40} = {B14DDAD3-0D30-4EAF-9B84-46610A15F4AE}
		{53111451-4BDF-4217-A1F5-9E2D810C8299} = {B14DDAD3-0D30-4EAF-9B84-46610A15F4AE}
		{417F3088-0CEE-4556-9AC8-2E62BB333BF2} = {B596BBB2-64E0-488A-86F0-827197007488}
		{0A07BBCF-6D7F-4E30-BB1D-B9075223B931} = {B596BBB2-64E0-488A-86F0-827197007488}
		{B7D4A862-87B0-4087-B8E7-38B8980AA125} = {B596BBB2-64E0-488A-86F0-827197007488}
		{15BE19E1-2DBA-4CC1-B557-B84D66699233} = {F2511728-A092-4264-BF51-5C031CC22745}
		{B674E132-028B-4408-8E50-CBF350143B6C} = {0EC22904-DC5A-4805-BED4-6C34623565D6}
		{E96E633B-12E8-4111-B1C2-D47EF2536A40} = {0EC22904-DC5A-4805-BED4-6C34623565D6}
		{88188981-58BC-4B9B-9C54-E9D875892558} = {F2511728-A092-4264-BF51-5C031CC22745}
	EndGlobalSection
	GlobalSection(ExtensibilityGlobals) = postSolution
		EnterpriseLibraryConfigurationToolBinariesPathV6 = packages\EnterpriseLibrary.Common.6.0.1304.0\lib\NET45;packages\EnterpriseLibrary.Data.6.0.1304.0\lib\NET45
	EndGlobalSection
EndGlobal
